
Microsoft Visual Studio Solution File, Format Version 12.00
# Visual Studio 14
VisualStudioVersion = 14.0.23107.0
MinimumVisualStudioVersion = 10.0.40219.1
Project("{FAE04EC0-301F-11D3-BF4B-00C04F79EFBC}") = "SsmClient.Example", "SsmClient.Example\SsmClient.Example.csproj", "{31E01444-E48A-4A73-BB9B-264C52C4B3FF}"
EndProject
Project("{FAE04EC0-301F-11D3-BF4B-00C04F79EFBC}") = "SsmClient", "SsmClient\SsmClient.csproj", "{EB9DEEAB-D120-4E00-BA8C-BDD54495CDFE}"
EndProject
Global
	GlobalSection(SolutionConfigurationPlatforms) = preSolution
		Debug|Any CPU = Debug|Any CPU
		Release|Any CPU = Release|Any CPU
	EndGlobalSection
	GlobalSection(ProjectConfigurationPlatforms) = postSolution
		{31E01444-E48A-4A73-BB9B-264C52C4B3FF}.Debug|Any CPU.ActiveCfg = Debug|Any CPU
		{31E01444-E48A-4A73-BB9B-264C52C4B3FF}.Debug|Any CPU.Build.0 = Debug|Any CPU
		{31E01444-E48A-4A73-BB9B-264C52C4B3FF}.Release|Any CPU.ActiveCfg = Release|Any CPU
		{31E01444-E48A-4A73-BB9B-264C52C4B3FF}.Release|Any CPU.Build.0 = Release|Any CPU
		{EB9DEEAB-D120-4E00-BA8C-BDD54495CDFE}.Debug|Any CPU.ActiveCfg = Debug|Any CPU
		{EB9DEEAB-D120-4E00-BA8C-BDD54495CDFE}.Debug|Any CPU.Build.0 = Debug|Any CPU
		{EB9DEEAB-D120-4E00-BA8C-BDD54495CDFE}.Release|Any CPU.ActiveCfg = Release|Any CPU
		{EB9DEEAB-D120-4E00-BA8C-BDD54495CDFE}.Release|Any CPU.Build.0 = Release|Any CPU
	EndGlobalSection
	GlobalSection(SolutionProperties) = preSolution
		HideSolutionNode = FALSE
	EndGlobalSection
EndGlobal
